
Microsoft Visual Studio Solution File, Format Version 12.00
# Visual Studio Version 16
VisualStudioVersion = 25.0.1706.0
MinimumVisualStudioVersion = 10.0.40219.1
Project("{FAE04EC0-301F-11D3-BF4B-00C04F79EFBC}") = "portfolio", "portfolio\portfolio.csproj", "{EB17D79F-F152-473D-A55A-2BDB7F42815F}"
EndProject
Global
	GlobalSection(SolutionConfigurationPlatforms) = preSolution
		Debug|Any CPU = Debug|Any CPU
		Release|Any CPU = Release|Any CPU
	EndGlobalSection
	GlobalSection(ProjectConfigurationPlatforms) = postSolution
		{EB17D79F-F152-473D-A55A-2BDB7F42815F}.Debug|Any CPU.ActiveCfg = Debug|Any CPU
		{EB17D79F-F152-473D-A55A-2BDB7F42815F}.Debug|Any CPU.Build.0 = Debug|Any CPU
		{EB17D79F-F152-473D-A55A-2BDB7F42815F}.Release|Any CPU.ActiveCfg = Release|Any CPU
		{EB17D79F-F152-473D-A55A-2BDB7F42815F}.Release|Any CPU.Build.0 = Release|Any CPU
	EndGlobalSection
	GlobalSection(SolutionProperties) = preSolution
		HideSolutionNode = FALSE
	EndGlobalSection
	GlobalSection(ExtensibilityGlobals) = postSolution
		SolutionGuid = {17503D2E-9FC2-435C-B2CE-9B3F5AFFABA4}
	EndGlobalSection
EndGlobal
